// !$*UTF8*$!
{
	archiveVersion = 1;
	classes = {
	};
	objectVersion = 50;
	objects = {

/* Begin PBXBuildFile section */
		0B7E3F222775E7330033B572 /* AppDelegate.swift in Sources */ = {isa = PBXBuildFile; fileRef = 0B7E3F212775E7330033B572 /* AppDelegate.swift */; };
		0B7E3F242775E7330033B572 /* ViewController.swift in Sources */ = {isa = PBXBuildFile; fileRef = 0B7E3F232775E7330033B572 /* ViewController.swift */; };
		0B7E3F272775E7330033B572 /* Main.storyboard in Resources */ = {isa = PBXBuildFile; fileRef = 0B7E3F252775E7330033B572 /* Main.storyboard */; };
		0B7E3F2A2775E7330033B572 /* Assignment12.xcdatamodeld in Sources */ = {isa = PBXBuildFile; fileRef = 0B7E3F282775E7330033B572 /* Assignment12.xcdatamodeld */; };
		0B7E3F2C2775E7350033B572 /* Assets.xcassets in Resources */ = {isa = PBXBuildFile; fileRef = 0B7E3F2B2775E7350033B572 /* Assets.xcassets */; };
		0B7E3F2F2775E7350033B572 /* LaunchScreen.storyboard in Resources */ = {isa = PBXBuildFile; fileRef = 0B7E3F2D2775E7350033B572 /* LaunchScreen.storyboard */; };
		0B7E3F372775E80F0033B572 /* Extension.swift in Sources */ = {isa = PBXBuildFile; fileRef = 0B7E3F362775E80F0033B572 /* Extension.swift */; };
		0B7E3F3D2775E93B0033B572 /* AdminLogin.swift in Sources */ = {isa = PBXBuildFile; fileRef = 0B7E3F3C2775E93B0033B572 /* AdminLogin.swift */; };
		0B7E3F3F2775E9770033B572 /* AdminHome.swift in Sources */ = {isa = PBXBuildFile; fileRef = 0B7E3F3E2775E9770033B572 /* AdminHome.swift */; };
		0B7E3F412775EAB90033B572 /* NewStudent.swift in Sources */ = {isa = PBXBuildFile; fileRef = 0B7E3F402775EAB90033B572 /* NewStudent.swift */; };
		0B7E3F432775EB170033B572 /* AdminNoticeBoard.swift in Sources */ = {isa = PBXBuildFile; fileRef = 0B7E3F422775EB170033B572 /* AdminNoticeBoard.swift */; };
		0B7E3F452775EB990033B572 /* NewNotice.swift in Sources */ = {isa = PBXBuildFile; fileRef = 0B7E3F442775EB990033B572 /* NewNotice.swift */; };
		0B7E3F472775EBFF0033B572 /* ClassStud.swift in Sources */ = {isa = PBXBuildFile; fileRef = 0B7E3F462775EBFF0033B572 /* ClassStud.swift */; };
		0B7E3F492775EC260033B572 /* ClassList.swift in Sources */ = {isa = PBXBuildFile; fileRef = 0B7E3F482775EC260033B572 /* ClassList.swift */; };
		0B7E3F4B2775EC590033B572 /* StudentDetails.swift in Sources */ = {isa = PBXBuildFile; fileRef = 0B7E3F4A2775EC590033B572 /* StudentDetails.swift */; };
		0B7E3F4D2775EC990033B572 /* Changepass.swift in Sources */ = {isa = PBXBuildFile; fileRef = 0B7E3F4C2775EC990033B572 /* Changepass.swift */; };
		0B7E3F4F2775ECE20033B572 /* Viewnotice.swift in Sources */ = {isa = PBXBuildFile; fileRef = 0B7E3F4E2775ECE20033B572 /* Viewnotice.swift */; };
		0B7E3F512775F05D0033B572 /* CoreDataHandler.swift in Sources */ = {isa = PBXBuildFile; fileRef = 0B7E3F502775F05D0033B572 /* CoreDataHandler.swift */; };
/* End PBXBuildFile section */

/* Begin PBXFileReference section */
		0B7E3F1E2775E7330033B572 /* Assignment12.app */ = {isa = PBXFileReference; explicitFileType = wrapper.application; includeInIndex = 0; path = Assignment12.app; sourceTree = BUILT_PRODUCTS_DIR; };
		0B7E3F212775E7330033B572 /* AppDelegate.swift */ = {isa = PBXFileReference; lastKnownFileType = sourcecode.swift; path = AppDelegate.swift; sourceTree = "<group>"; };
		0B7E3F232775E7330033B572 /* ViewController.swift */ = {isa = PBXFileReference; lastKnownFileType = sourcecode.swift; path = ViewController.swift; sourceTree = "<group>"; };
		0B7E3F262775E7330033B572 /* Base */ = {isa = PBXFileReference; lastKnownFileType = file.storyboard; name = Base; path = Base.lproj/Main.storyboard; sourceTree = "<group>"; };
		0B7E3F292775E7330033B572 /* Assignment12.xcdatamodel */ = {isa = PBXFileReference; lastKnownFileType = wrapper.xcdatamodel; path = Assignment12.xcdatamodel; sourceTree = "<group>"; };
		0B7E3F2B2775E7350033B572 /* Assets.xcassets */ = {isa = PBXFileReference; lastKnownFileType = folder.assetcatalog; path = Assets.xcassets; sourceTree = "<group>"; };
		0B7E3F2E2775E7350033B572 /* Base */ = {isa = PBXFileReference; lastKnownFileType = file.storyboard; name = Base; path = Base.lproj/LaunchScreen.storyboard; sourceTree = "<group>"; };
		0B7E3F302775E7350033B572 /* Info.plist */ = {isa = PBXFileReference; lastKnownFileType = text.plist.xml; path = Info.plist; sourceTree = "<group>"; };
		0B7E3F362775E80F0033B572 /* Extension.swift */ = {isa = PBXFileReference; lastKnownFileType = sourcecode.swift; path = Extension.swift; sourceTree = "<group>"; };
		0B7E3F3C2775E93B0033B572 /* AdminLogin.swift */ = {isa = PBXFileReference; lastKnownFileType = sourcecode.swift; path = AdminLogin.swift; sourceTree = "<group>"; };
		0B7E3F3E2775E9770033B572 /* AdminHome.swift */ = {isa = PBXFileReference; lastKnownFileType = sourcecode.swift; path = AdminHome.swift; sourceTree = "<group>"; };
		0B7E3F402775EAB90033B572 /* NewStudent.swift */ = {isa = PBXFileReference; lastKnownFileType = sourcecode.swift; path = NewStudent.swift; sourceTree = "<group>"; };
		0B7E3F422775EB170033B572 /* AdminNoticeBoard.swift */ = {isa = PBXFileReference; lastKnownFileType = sourcecode.swift; path = AdminNoticeBoard.swift; sourceTree = "<group>"; };
		0B7E3F442775EB990033B572 /* NewNotice.swift */ = {isa = PBXFileReference; lastKnownFileType = sourcecode.swift; path = NewNotice.swift; sourceTree = "<group>"; };
		0B7E3F462775EBFF0033B572 /* ClassStud.swift */ = {isa = PBXFileReference; lastKnownFileType = sourcecode.swift; path = ClassStud.swift; sourceTree = "<group>"; };
		0B7E3F482775EC260033B572 /* ClassList.swift */ = {isa = PBXFileReference; lastKnownFileType = sourcecode.swift; path = ClassList.swift; sourceTree = "<group>"; };
		0B7E3F4A2775EC590033B572 /* StudentDetails.swift */ = {isa = PBXFileReference; lastKnownFileType = sourcecode.swift; path = StudentDetails.swift; sourceTree = "<group>"; };
		0B7E3F4C2775EC990033B572 /* Changepass.swift */ = {isa = PBXFileReference; lastKnownFileType = sourcecode.swift; path = Changepass.swift; sourceTree = "<group>"; };
		0B7E3F4E2775ECE20033B572 /* Viewnotice.swift */ = {isa = PBXFileReference; lastKnownFileType = sourcecode.swift; path = Viewnotice.swift; sourceTree = "<group>"; };
		0B7E3F502775F05D0033B572 /* CoreDataHandler.swift */ = {isa = PBXFileReference; lastKnownFileType = sourcecode.swift; path = CoreDataHandler.swift; sourceTree = "<group>"; };
/* End PBXFileReference section */

/* Begin PBXFrameworksBuildPhase section */
		0B7E3F1B2775E7330033B572 /* Frameworks */ = {
			isa = PBXFrameworksBuildPhase;
			buildActionMask = 2147483647;
			files = (
			);
			runOnlyForDeploymentPostprocessing = 0;
		};
/* End PBXFrameworksBuildPhase section */

/* Begin PBXGroup section */
		0B7E3F152775E7330033B572 = {
			isa = PBXGroup;
			children = (
				0B7E3F202775E7330033B572 /* Assignment12 */,
				0B7E3F1F2775E7330033B572 /* Products */,
			);
			sourceTree = "<group>";
		};
		0B7E3F1F2775E7330033B572 /* Products */ = {
			isa = PBXGroup;
			children = (
				0B7E3F1E2775E7330033B572 /* Assignment12.app */,
			);
			name = Products;
			sourceTree = "<group>";
		};
		0B7E3F202775E7330033B572 /* Assignment12 */ = {
			isa = PBXGroup;
			children = (
				0B7E3F212775E7330033B572 /* AppDelegate.swift */,
				0B7E3F232775E7330033B572 /* ViewController.swift */,
				0B7E3F252775E7330033B572 /* Main.storyboard */,
				0B7E3F2B2775E7350033B572 /* Assets.xcassets */,
				0B7E3F2D2775E7350033B572 /* LaunchScreen.storyboard */,
				0B7E3F302775E7350033B572 /* Info.plist */,
				0B7E3F282775E7330033B572 /* Assignment12.xcdatamodeld */,
				0B7E3F362775E80F0033B572 /* Extension.swift */,
				0B7E3F3C2775E93B0033B572 /* AdminLogin.swift */,
				0B7E3F3E2775E9770033B572 /* AdminHome.swift */,
				0B7E3F402775EAB90033B572 /* NewStudent.swift */,
				0B7E3F422775EB170033B572 /* AdminNoticeBoard.swift */,
				0B7E3F442775EB990033B572 /* NewNotice.swift */,
				0B7E3F462775EBFF0033B572 /* ClassStud.swift */,
				0B7E3F482775EC260033B572 /* ClassList.swift */,
				0B7E3F4A2775EC590033B572 /* StudentDetails.swift */,
				0B7E3F4C2775EC990033B572 /* Changepass.swift */,
				0B7E3F4E2775ECE20033B572 /* Viewnotice.swift */,
				0B7E3F502775F05D0033B572 /* CoreDataHandler.swift */,
			);
			path = Assignment12;
			sourceTree = "<group>";
		};
/* End PBXGroup section */

/* Begin PBXNativeTarget section */
		0B7E3F1D2775E7330033B572 /* Assignment12 */ = {
			isa = PBXNativeTarget;
			buildConfigurationList = 0B7E3F332775E7350033B572 /* Build configuration list for PBXNativeTarget "Assignment12" */;
			buildPhases = (
				0B7E3F1A2775E7330033B572 /* Sources */,
				0B7E3F1B2775E7330033B572 /* Frameworks */,
				0B7E3F1C2775E7330033B572 /* Resources */,
			);
			buildRules = (
			);
			dependencies = (
			);
			name = Assignment12;
			productName = Assignment12;
			productReference = 0B7E3F1E2775E7330033B572 /* Assignment12.app */;
			productType = "com.apple.product-type.application";
		};
/* End PBXNativeTarget section */

/* Begin PBXProject section */
		0B7E3F162775E7330033B572 /* Project object */ = {
			isa = PBXProject;
			attributes = {
				LastSwiftUpdateCheck = 1020;
				LastUpgradeCheck = 1020;
				ORGANIZATIONNAME = DCS;
				TargetAttributes = {
					0B7E3F1D2775E7330033B572 = {
						CreatedOnToolsVersion = 10.2.1;
					};
				};
			};
			buildConfigurationList = 0B7E3F192775E7330033B572 /* Build configuration list for PBXProject "Assignment12" */;
			compatibilityVersion = "Xcode 9.3";
			developmentRegion = en;
			hasScannedForEncodings = 0;
			knownRegions = (
				en,
				Base,
			);
			mainGroup = 0B7E3F152775E7330033B572;
			productRefGroup = 0B7E3F1F2775E7330033B572 /* Products */;
			projectDirPath = "";
			projectRoot = "";
			targets = (
				0B7E3F1D2775E7330033B572 /* Assignment12 */,
			);
		};
/* End PBXProject section */

/* Begin PBXResourcesBuildPhase section */
		0B7E3F1C2775E7330033B572 /* Resources */ = {
			isa = PBXResourcesBuildPhase;
			buildActionMask = 2147483647;
			files = (
				0B7E3F2F2775E7350033B572 /* LaunchScreen.storyboard in Resources */,
				0B7E3F2C2775E7350033B572 /* Assets.xcassets in Resources */,
				0B7E3F272775E7330033B572 /* Main.storyboard in Resources */,
			);
			runOnlyForDeploymentPostprocessing = 0;
		};
/* End PBXResourcesBuildPhase section */

/* Begin PBXSourcesBuildPhase section */
		0B7E3F1A2775E7330033B572 /* Sources */ = {
			isa = PBXSourcesBuildPhase;
			buildActionMask = 2147483647;
			files = (
				0B7E3F3F2775E9770033B572 /* AdminHome.swift in Sources */,
				0B7E3F512775F05D0033B572 /* CoreDataHandler.swift in Sources */,
				0B7E3F2A2775E7330033B572 /* Assignment12.xcdatamodeld in Sources */,
				0B7E3F242775E7330033B572 /* ViewController.swift in Sources */,
				0B7E3F3D2775E93B0033B572 /* AdminLogin.swift in Sources */,
				0B7E3F4F2775ECE20033B572 /* Viewnotice.swift in Sources */,
				0B7E3F472775EBFF0033B572 /* ClassStud.swift in Sources */,
				0B7E3F4D2775EC990033B572 /* Changepass.swift in Sources */,
				0B7E3F432775EB170033B572 /* AdminNoticeBoard.swift in Sources */,
				0B7E3F412775EAB90033B572 /* NewStudent.swift in Sources */,
				0B7E3F452775EB990033B572 /* NewNotice.swift in Sources */,
				0B7E3F4B2775EC590033B572 /* StudentDetails.swift in Sources */,
				0B7E3F222775E7330033B572 /* AppDelegate.swift in Sources */,
				0B7E3F372775E80F0033B572 /* Extension.swift in Sources */,
				0B7E3F492775EC260033B572 /* ClassList.swift in Sources */,
			);
			runOnlyForDeploymentPostprocessing = 0;
		};
/* End PBXSourcesBuildPhase section */

/* Begin PBXVariantGroup section */
		0B7E3F252775E7330033B572 /* Main.storyboard */ = {
			isa = PBXVariantGroup;
			children = (
				0B7E3F262775E7330033B572 /* Base */,
			);
			name = Main.storyboard;
			sourceTree = "<group>";
		};
		0B7E3F2D2775E7350033B572 /* LaunchScreen.storyboard */ = {
			isa = PBXVariantGroup;
			children = (
				0B7E3F2E2775E7350033B572 /* Base */,
			);
			name = LaunchScreen.storyboard;
			sourceTree = "<group>";
		};
/* End PBXVariantGroup section */

/* Begin XCBuildConfiguration section */
		0B7E3F312775E7350033B572 /* Debug */ = {
			isa = XCBuildConfiguration;
			buildSettings = {
				ALWAYS_SEARCH_USER_PATHS = NO;
				CLANG_ANALYZER_NONNULL = YES;
				CLANG_ANALYZER_NUMBER_OBJECT_CONVERSION = YES_AGGRESSIVE;
				CLANG_CXX_LANGUAGE_STANDARD = "gnu++14";
				CLANG_CXX_LIBRARY = "libc++";
				CLANG_ENABLE_MODULES = YES;
				CLANG_ENABLE_OBJC_ARC = YES;
				CLANG_ENABLE_OBJC_WEAK = YES;
				CLANG_WARN_BLOCK_CAPTURE_AUTORELEASING = YES;
				CLANG_WARN_BOOL_CONVERSION = YES;
				CLANG_WARN_COMMA = YES;
				CLANG_WARN_CONSTANT_CONVERSION = YES;
				CLANG_WARN_DEPRECATED_OBJC_IMPLEMENTATIONS = YES;
				CLANG_WARN_DIRECT_OBJC_ISA_USAGE = YES_ERROR;
				CLANG_WARN_DOCUMENTATION_COMMENTS = YES;
				CLANG_WARN_EMPTY_BODY = YES;
				CLANG_WARN_ENUM_CONVERSION = YES;
				CLANG_WARN_INFINITE_RECURSION = YES;
				CLANG_WARN_INT_CONVERSION = YES;
				CLANG_WARN_NON_LITERAL_NULL_CONVERSION = YES;
				CLANG_WARN_OBJC_IMPLICIT_RETAIN_SELF = YES;
				CLANG_WARN_OBJC_LITERAL_CONVERSION = YES;
				CLANG_WARN_OBJC_ROOT_CLASS = YES_ERROR;
				CLANG_WARN_RANGE_LOOP_ANALYSIS = YES;
				CLANG_WARN_STRICT_PROTOTYPES = YES;
				CLANG_WARN_SUSPICIOUS_MOVE = YES;
				CLANG_WARN_UNGUARDED_AVAILABILITY = YES_AGGRESSIVE;
				CLANG_WARN_UNREACHABLE_CODE = YES;
				CLANG_WARN__DUPLICATE_METHOD_MATCH = YES;
				CODE_SIGN_IDENTITY = "iPhone Developer";
				COPY_PHASE_STRIP = NO;
				DEBUG_INFORMATION_FORMAT = dwarf;
				ENABLE_STRICT_OBJC_MSGSEND = YES;
				ENABLE_TESTABILITY = YES;
				GCC_C_LANGUAGE_STANDARD = gnu11;
				GCC_DYNAMIC_NO_PIC = NO;
				GCC_NO_COMMON_BLOCKS = YES;
				GCC_OPTIMIZATION_LEVEL = 0;
				GCC_PREPROCESSOR_DEFINITIONS = (
					"DEBUG=1",
					"$(inherited)",
				);
				GCC_WARN_64_TO_32_BIT_CONVERSION = YES;
				GCC_WARN_ABOUT_RETURN_TYPE = YES_ERROR;
				GCC_WARN_UNDECLARED_SELECTOR = YES;
				GCC_WARN_UNINITIALIZED_AUTOS = YES_AGGRESSIVE;
				GCC_WARN_UNUSED_FUNCTION = YES;
				GCC_WARN_UNUSED_VARIABLE = YES;
				IPHONEOS_DEPLOYMENT_TARGET = 12.2;
				MTL_ENABLE_DEBUG_INFO = INCLUDE_SOURCE;
				MTL_FAST_MATH = YES;
				ONLY_ACTIVE_ARCH = YES;
				SDKROOT = iphoneos;
				SWIFT_ACTIVE_COMPILATION_CONDITIONS = DEBUG;
				SWIFT_OPTIMIZATION_LEVEL = "-Onone";
			};
			name = Debug;
		};
		0B7E3F322775E7350033B572 /* Release */ = {
			isa = XCBuildConfiguration;
			buildSettings = {
				ALWAYS_SEARCH_USER_PATHS = NO;
				CLANG_ANALYZER_NONNULL = YES;
				CLANG_ANALYZER_NUMBER_OBJECT_CONVERSION = YES_AGGRESSIVE;
				CLANG_CXX_LANGUAGE_STANDARD = "gnu++14";
				CLANG_CXX_LIBRARY = "libc++";
				CLANG_ENABLE_MODULES = YES;
				CLANG_ENABLE_OBJC_ARC = YES;
				CLANG_ENABLE_OBJC_WEAK = YES;
				CLANG_WARN_BLOCK_CAPTURE_AUTORELEASING = YES;
				CLANG_WARN_BOOL_CONVERSION = YES;
				CLANG_WARN_COMMA = YES;
				CLANG_WARN_CONSTANT_CONVERSION = YES;
				CLANG_WARN_DEPRECATED_OBJC_IMPLEMENTATIONS = YES;
				CLANG_WARN_DIRECT_OBJC_ISA_USAGE = YES_ERROR;
				CLANG_WARN_DOCUMENTATION_COMMENTS = YES;
				CLANG_WARN_EMPTY_BODY = YES;
				CLANG_WARN_ENUM_CONVERSION = YES;
				CLANG_WARN_INFINITE_RECURSION = YES;
				CLANG_WARN_INT_CONVERSION = YES;
				CLANG_WARN_NON_LITERAL_NULL_CONVERSION = YES;
				CLANG_WARN_OBJC_IMPLICIT_RETAIN_SELF = YES;
				CLANG_WARN_OBJC_LITERAL_CONVERSION = YES;
				CLANG_WARN_OBJC_ROOT_CLASS = YES_ERROR;
				CLANG_WARN_RANGE_LOOP_ANALYSIS = YES;
				CLANG_WARN_STRICT_PROTOTYPES = YES;
				CLANG_WARN_SUSPICIOUS_MOVE = YES;
				CLANG_WARN_UNGUARDED_AVAILABILITY = YES_AGGRESSIVE;
				CLANG_WARN_UNREACHABLE_CODE = YES;
				CLANG_WARN__DUPLICATE_METHOD_MATCH = YES;
				CODE_SIGN_IDENTITY = "iPhone Developer";
				COPY_PHASE_STRIP = NO;
				DEBUG_INFORMATION_FORMAT = "dwarf-with-dsym";
				ENABLE_NS_ASSERTIONS = NO;
				ENABLE_STRICT_OBJC_MSGSEND = YES;
				GCC_C_LANGUAGE_STANDARD = gnu11;
				GCC_NO_COMMON_BLOCKS = YES;
				GCC_WARN_64_TO_32_BIT_CONVERSION = YES;
				GCC_WARN_ABOUT_RETURN_TYPE = YES_ERROR;
				GCC_WARN_UNDECLARED_SELECTOR = YES;
				GCC_WARN_UNINITIALIZED_AUTOS = YES_AGGRESSIVE;
				GCC_WARN_UNUSED_FUNCTION = YES;
				GCC_WARN_UNUSED_VARIABLE = YES;
				IPHONEOS_DEPLOYMENT_TARGET = 12.2;
				MTL_ENABLE_DEBUG_INFO = NO;
				MTL_FAST_MATH = YES;
				SDKROOT = iphoneos;
				SWIFT_COMPILATION_MODE = wholemodule;
				SWIFT_OPTIMIZATION_LEVEL = "-O";
				VALIDATE_PRODUCT = YES;
			};
			name = Release;
		};
		0B7E3F342775E7350033B572 /* Debug */ = {
			isa = XCBuildConfiguration;
			buildSettings = {
				ASSETCATALOG_COMPILER_APPICON_NAME = AppIcon;
				CODE_SIGN_STYLE = Automatic;
				INFOPLIST_FILE = Assignment12/Info.plist;
				LD_RUNPATH_SEARCH_PATHS = (
					"$(inherited)",
					"@executable_path/Frameworks",
				);
				PRODUCT_BUNDLE_IDENTIFIER = in.ac.vnsgu.dcs.Assignment12;
				PRODUCT_NAME = "$(TARGET_NAME)";
				SWIFT_VERSION = 5.0;
				TARGETED_DEVICE_FAMILY = "1,2";
			};
			name = Debug;
		};
		0B7E3F352775E7350033B572 /* Release */ = {
			isa = XCBuildConfiguration;
			buildSettings = {
				ASSETCATALOG_COMPILER_APPICON_NAME = AppIcon;
				CODE_SIGN_STYLE = Automatic;
				INFOPLIST_FILE = Assignment12/Info.plist;
				LD_RUNPATH_SEARCH_PATHS = (
					"$(inherited)",
					"@executable_path/Frameworks",
				);
				PRODUCT_BUNDLE_IDENTIFIER = in.ac.vnsgu.dcs.Assignment12;
				PRODUCT_NAME = "$(TARGET_NAME)";
				SWIFT_VERSION = 5.0;
				TARGETED_DEVICE_FAMILY = "1,2";
			};
			name = Release;
		};
/* End XCBuildConfiguration section */

/* Begin XCConfigurationList section */
		0B7E3F192775E7330033B572 /* Build configuration list for PBXProject "Assignment12" */ = {
			isa = XCConfigurationList;
			buildConfigurations = (
				0B7E3F312775E7350033B572 /* Debug */,
				0B7E3F322775E7350033B572 /* Release */,
			);
			defaultConfigurationIsVisible = 0;
			defaultConfigurationName = Release;
		};
		0B7E3F332775E7350033B572 /* Build configuration list for PBXNativeTarget "Assignment12" */ = {
			isa = XCConfigurationList;
			buildConfigurations = (
				0B7E3F342775E7350033B572 /* Debug */,
				0B7E3F352775E7350033B572 /* Release */,
			);
			defaultConfigurationIsVisible = 0;
			defaultConfigurationName = Release;
		};
/* End XCConfigurationList section */

/* Begin XCVersionGroup section */
		0B7E3F282775E7330033B572 /* Assignment12.xcdatamodeld */ = {
			isa = XCVersionGroup;
			children = (
				0B7E3F292775E7330033B572 /* Assignment12.xcdatamodel */,
			);
			currentVersion = 0B7E3F292775E7330033B572 /* Assignment12.xcdatamodel */;
			path = Assignment12.xcdatamodeld;
			sourceTree = "<group>";
			versionGroupType = wrapper.xcdatamodel;
		};
/* End XCVersionGroup section */
	};
	rootObject = 0B7E3F162775E7330033B572 /* Project object */;
}
